
Microsoft Visual Studio Solution File, Format Version 12.00
# Visual Studio Version 17
VisualStudioVersion = 17.6.33815.320
MinimumVisualStudioVersion = 10.0.40219.1
Project("{FAE04EC0-301F-11D3-BF4B-00C04F79EFBC}") = "Sesion4", "Sesion4\Sesion4.csproj", "{CC27DFF1-F444-48B0-89C8-5A847A57C12B}"
EndProject
Global
	GlobalSection(SolutionConfigurationPlatforms) = preSolution
		Debug|Any CPU = Debug|Any CPU
		Release|Any CPU = Release|Any CPU
	EndGlobalSection
	GlobalSection(ProjectConfigurationPlatforms) = postSolution
		{CC27DFF1-F444-48B0-89C8-5A847A57C12B}.Debug|Any CPU.ActiveCfg = Debug|Any CPU
		{CC27DFF1-F444-48B0-89C8-5A847A57C12B}.Debug|Any CPU.Build.0 = Debug|Any CPU
		{CC27DFF1-F444-48B0-89C8-5A847A57C12B}.Release|Any CPU.ActiveCfg = Release|Any CPU
		{CC27DFF1-F444-48B0-89C8-5A847A57C12B}.Release|Any CPU.Build.0 = Release|Any CPU
	EndGlobalSection
	GlobalSection(SolutionProperties) = preSolution
		HideSolutionNode = FALSE
	EndGlobalSection
	GlobalSection(ExtensibilityGlobals) = postSolution
		SolutionGuid = {C6C9BBA1-4DEE-4C6A-9169-A4A14AE848BB}
	EndGlobalSection
EndGlobal
